
Microsoft Visual Studio Solution File, Format Version 12.00
# Visual Studio 2012
Project("{FAE04EC0-301F-11D3-BF4B-00C04F79EFBC}") = "ScriptCs.Nancy", "ScriptCs.Nancy\ScriptCs.Nancy.csproj", "{5232C701-3E03-440E-8AA3-72C98BB1257D}"
EndProject
Project("{2150E333-8FDC-42A3-9474-1A3956D46DE8}") = ".nuget", ".nuget", "{E52A000A-11E1-45FD-B5D9-2E4531814F8B}"
	ProjectSection(SolutionItems) = preProject
		.nuget\NuGet.Config = .nuget\NuGet.Config
		.nuget\NuGet.exe = .nuget\NuGet.exe
		.nuget\NuGet.targets = .nuget\NuGet.targets
	EndProjectSection
EndProject
Project("{2150E333-8FDC-42A3-9474-1A3956D46DE8}") = "SolutionFiles", "SolutionFiles", "{32675FB6-555F-4532-A6FA-37200564DD52}"
	ProjectSection(SolutionItems) = preProject
		ScriptCs.Nancy.CustomDictionary.xml = ScriptCs.Nancy.CustomDictionary.xml
		ScriptCs.Nancy.nuspec = ScriptCs.Nancy.nuspec
		ScriptCs.Nancy.ruleset = ScriptCs.Nancy.ruleset
		Settings.StyleCop = Settings.StyleCop
	EndProjectSection
EndProject
Project("{2150E333-8FDC-42A3-9474-1A3956D46DE8}") = "sample", "sample", "{78537876-7F6D-4A66-B24A-DDA45AD88033}"
	ProjectSection(SolutionItems) = preProject
		sample\go1.csx = sample\go1.csx
		sample\host1.csx = sample\host1.csx
		sample\host2.csx = sample\host2.csx
		sample\packages.config = sample\packages.config
	EndProjectSection
EndProject
Project("{2150E333-8FDC-42A3-9474-1A3956D46DE8}") = "views", "views", "{A943E119-2078-49DA-BF07-4D9E7FAAD4AD}"
	ProjectSection(SolutionItems) = preProject
		sample\views\index.html = sample\views\index.html
	EndProjectSection
EndProject
Project("{FAE04EC0-301F-11D3-BF4B-00C04F79EFBC}") = "SampleModules", "SampleModules\SampleModules.csproj", "{4969BA68-1A1F-43E2-9364-F1C8ED7EE2AE}"
EndProject
Global
	GlobalSection(SolutionConfigurationPlatforms) = preSolution
		Debug|Any CPU = Debug|Any CPU
		Release|Any CPU = Release|Any CPU
	EndGlobalSection
	GlobalSection(ProjectConfigurationPlatforms) = postSolution
		{5232C701-3E03-440E-8AA3-72C98BB1257D}.Debug|Any CPU.ActiveCfg = Debug|Any CPU
		{5232C701-3E03-440E-8AA3-72C98BB1257D}.Debug|Any CPU.Build.0 = Debug|Any CPU
		{5232C701-3E03-440E-8AA3-72C98BB1257D}.Release|Any CPU.ActiveCfg = Release|Any CPU
		{5232C701-3E03-440E-8AA3-72C98BB1257D}.Release|Any CPU.Build.0 = Release|Any CPU
		{4969BA68-1A1F-43E2-9364-F1C8ED7EE2AE}.Debug|Any CPU.ActiveCfg = Debug|Any CPU
		{4969BA68-1A1F-43E2-9364-F1C8ED7EE2AE}.Debug|Any CPU.Build.0 = Debug|Any CPU
		{4969BA68-1A1F-43E2-9364-F1C8ED7EE2AE}.Release|Any CPU.ActiveCfg = Release|Any CPU
		{4969BA68-1A1F-43E2-9364-F1C8ED7EE2AE}.Release|Any CPU.Build.0 = Release|Any CPU
	EndGlobalSection
	GlobalSection(SolutionProperties) = preSolution
		HideSolutionNode = FALSE
	EndGlobalSection
	GlobalSection(NestedProjects) = preSolution
		{A943E119-2078-49DA-BF07-4D9E7FAAD4AD} = {78537876-7F6D-4A66-B24A-DDA45AD88033}
	EndGlobalSection
EndGlobal
